
Microsoft Visual Studio Solution File, Format Version 12.00
# Visual Studio Version 16
VisualStudioVersion = 16.0.30907.101
MinimumVisualStudioVersion = 10.0.40219.1
Project("{9A19103F-16F7-4668-BE54-9A1E7A4F7556}") = "DataAccess", "DataAccess\DataAccess.csproj", "{F7104011-62FC-4F48-8304-F431034FE7B4}"
EndProject
Project("{9A19103F-16F7-4668-BE54-9A1E7A4F7556}") = "Business", "Business\Business.csproj", "{BA972C8A-CB29-4140-A274-253C2C8DA0D1}"
EndProject
Project("{9A19103F-16F7-4668-BE54-9A1E7A4F7556}") = "Entities", "Entities\Entities.csproj", "{7D484F32-4099-4FA6-AE03-A19E2B726D71}"
EndProject
Project("{9A19103F-16F7-4668-BE54-9A1E7A4F7556}") = "ConsoleUI", "ConsoleUI\ConsoleUI.csproj", "{1AB1EC77-EECB-4E66-9B78-CCE455895C2D}"
EndProject
Project("{FAE04EC0-301F-11D3-BF4B-00C04F79EFBC}") = "Core", "Core\Core.csproj", "{1D1ADAB9-716D-4721-829F-39DB375E5084}"
EndProject
Global
	GlobalSection(SolutionConfigurationPlatforms) = preSolution
		Debug|Any CPU = Debug|Any CPU
		Release|Any CPU = Release|Any CPU
	EndGlobalSection
	GlobalSection(ProjectConfigurationPlatforms) = postSolution
		{F7104011-62FC-4F48-8304-F431034FE7B4}.Debug|Any CPU.ActiveCfg = Debug|Any CPU
		{F7104011-62FC-4F48-8304-F431034FE7B4}.Debug|Any CPU.Build.0 = Debug|Any CPU
		{F7104011-62FC-4F48-8304-F431034FE7B4}.Release|Any CPU.ActiveCfg = Release|Any CPU
		{F7104011-62FC-4F48-8304-F431034FE7B4}.Release|Any CPU.Build.0 = Release|Any CPU
		{BA972C8A-CB29-4140-A274-253C2C8DA0D1}.Debug|Any CPU.ActiveCfg = Debug|Any CPU
		{BA972C8A-CB29-4140-A274-253C2C8DA0D1}.Debug|Any CPU.Build.0 = Debug|Any CPU
		{BA972C8A-CB29-4140-A274-253C2C8DA0D1}.Release|Any CPU.ActiveCfg = Release|Any CPU
		{BA972C8A-CB29-4140-A274-253C2C8DA0D1}.Release|Any CPU.Build.0 = Release|Any CPU
		{7D484F32-4099-4FA6-AE03-A19E2B726D71}.Debug|Any CPU.ActiveCfg = Debug|Any CPU
		{7D484F32-4099-4FA6-AE03-A19E2B726D71}.Debug|Any CPU.Build.0 = Debug|Any CPU
		{7D484F32-4099-4FA6-AE03-A19E2B726D71}.Release|Any CPU.ActiveCfg = Release|Any CPU
		{7D484F32-4099-4FA6-AE03-A19E2B726D71}.Release|Any CPU.Build.0 = Release|Any CPU
		{1AB1EC77-EECB-4E66-9B78-CCE455895C2D}.Debug|Any CPU.ActiveCfg = Debug|Any CPU
		{1AB1EC77-EECB-4E66-9B78-CCE455895C2D}.Debug|Any CPU.Build.0 = Debug|Any CPU
		{1AB1EC77-EECB-4E66-9B78-CCE455895C2D}.Release|Any CPU.ActiveCfg = Release|Any CPU
		{1AB1EC77-EECB-4E66-9B78-CCE455895C2D}.Release|Any CPU.Build.0 = Release|Any CPU
		{1D1ADAB9-716D-4721-829F-39DB375E5084}.Debug|Any CPU.ActiveCfg = Debug|Any CPU
		{1D1ADAB9-716D-4721-829F-39DB375E5084}.Debug|Any CPU.Build.0 = Debug|Any CPU
		{1D1ADAB9-716D-4721-829F-39DB375E5084}.Release|Any CPU.ActiveCfg = Release|Any CPU
		{1D1ADAB9-716D-4721-829F-39DB375E5084}.Release|Any CPU.Build.0 = Release|Any CPU
	EndGlobalSection
	GlobalSection(SolutionProperties) = preSolution
		HideSolutionNode = FALSE
	EndGlobalSection
	GlobalSection(ExtensibilityGlobals) = postSolution
		SolutionGuid = {C02CCFC8-BBC7-4746-B800-B6117FAC0751}
	EndGlobalSection
EndGlobal
